
Microsoft Visual Studio Solution File, Format Version 12.00
# Visual Studio Version 16
VisualStudioVersion = 16.0.31321.278
MinimumVisualStudioVersion = 10.0.40219.1
Project("{FAE04EC0-301F-11D3-BF4B-00C04F79EFBC}") = "TestProjekatProba", "TestProjekatProba\TestProjekatProba.csproj", "{31B05E77-4EE3-4FEF-B1A0-50F9EEF1C9BC}"
EndProject
Global
	GlobalSection(SolutionConfigurationPlatforms) = preSolution
		Debug|Any CPU = Debug|Any CPU
		Release|Any CPU = Release|Any CPU
	EndGlobalSection
	GlobalSection(ProjectConfigurationPlatforms) = postSolution
		{31B05E77-4EE3-4FEF-B1A0-50F9EEF1C9BC}.Debug|Any CPU.ActiveCfg = Debug|Any CPU
		{31B05E77-4EE3-4FEF-B1A0-50F9EEF1C9BC}.Debug|Any CPU.Build.0 = Debug|Any CPU
		{31B05E77-4EE3-4FEF-B1A0-50F9EEF1C9BC}.Release|Any CPU.ActiveCfg = Release|Any CPU
		{31B05E77-4EE3-4FEF-B1A0-50F9EEF1C9BC}.Release|Any CPU.Build.0 = Release|Any CPU
	EndGlobalSection
	GlobalSection(SolutionProperties) = preSolution
		HideSolutionNode = FALSE
	EndGlobalSection
	GlobalSection(ExtensibilityGlobals) = postSolution
		SolutionGuid = {5A5806BC-1B5D-403E-AC50-5CDC6AA4F351}
	EndGlobalSection
EndGlobal
